
Microsoft Visual Studio Solution File, Format Version 12.00
# Visual Studio 15
VisualStudioVersion = 15.0.28307.705
MinimumVisualStudioVersion = 10.0.40219.1
Project("{FAE04EC0-301F-11D3-BF4B-00C04F79EFBC}") = "Panacea.Modules.Kurento", "Panacea.Modules.Kurento\Panacea.Modules.Kurento.csproj", "{AA02677F-D1F2-412C-9480-20187DD39EFD}"
EndProject
Global
	GlobalSection(SolutionConfigurationPlatforms) = preSolution
		Debug|Any CPU = Debug|Any CPU
		Debug|x64 = Debug|x64
		Debug|x86 = Debug|x86
		Release|Any CPU = Release|Any CPU
		Release|x64 = Release|x64
		Release|x86 = Release|x86
	EndGlobalSection
	GlobalSection(ProjectConfigurationPlatforms) = postSolution
		{AA02677F-D1F2-412C-9480-20187DD39EFD}.Debug|Any CPU.ActiveCfg = Debug|Any CPU
		{AA02677F-D1F2-412C-9480-20187DD39EFD}.Debug|Any CPU.Build.0 = Debug|Any CPU
		{AA02677F-D1F2-412C-9480-20187DD39EFD}.Debug|x64.ActiveCfg = Debug|x64
		{AA02677F-D1F2-412C-9480-20187DD39EFD}.Debug|x64.Build.0 = Debug|x64
		{AA02677F-D1F2-412C-9480-20187DD39EFD}.Debug|x86.ActiveCfg = Debug|x86
		{AA02677F-D1F2-412C-9480-20187DD39EFD}.Debug|x86.Build.0 = Debug|x86
		{AA02677F-D1F2-412C-9480-20187DD39EFD}.Release|Any CPU.ActiveCfg = Release|Any CPU
		{AA02677F-D1F2-412C-9480-20187DD39EFD}.Release|Any CPU.Build.0 = Release|Any CPU
		{AA02677F-D1F2-412C-9480-20187DD39EFD}.Release|x64.ActiveCfg = Release|x64
		{AA02677F-D1F2-412C-9480-20187DD39EFD}.Release|x64.Build.0 = Release|x64
		{AA02677F-D1F2-412C-9480-20187DD39EFD}.Release|x86.ActiveCfg = Release|x86
		{AA02677F-D1F2-412C-9480-20187DD39EFD}.Release|x86.Build.0 = Release|x86
	EndGlobalSection
	GlobalSection(SolutionProperties) = preSolution
		HideSolutionNode = FALSE
	EndGlobalSection
	GlobalSection(ExtensibilityGlobals) = postSolution
		SolutionGuid = {BAD53B7D-9081-42C6-855D-559CDB100451}
	EndGlobalSection
EndGlobal
